# This file is automatically @generated by Poetry 2.1.1 and should not be changed by hand.

[[package]]
name = "click"
version = "8.1.7"
description = "Composable command line interface toolkit"
optional = false
python-versions = ">=3.7"
groups = ["dev"]
files = [
    {file = "click-8.1.7-py3-none-any.whl", hash = "sha256:ae74fb96c20a0277a1d615f1e4d73c8414f5a98db8b799a7931d1582f3390c28"},
    {file = "click-8.1.7.tar.gz", hash = "sha256:ca9853ad459e787e2192211578cc907e7594e294c7ccc834310722b41b9ca6de"},
]

[package.dependencies]
colorama = {version = "*", markers = "platform_system == \"Windows\""}

[[package]]
name = "colorama"
version = "0.4.6"
description = "Cross-platform colored terminal text."
optional = false
python-versions = "!=3.0.*,!=3.1.*,!=3.2.*,!=3.3.*,!=3.4.*,!=3.5.*,!=3.6.*,>=2.7"
groups = ["dev"]
markers = "platform_system == \"Windows\" or sys_platform == \"win32\""
files = [
    {file = "colorama-0.4.6-py2.py3-none-any.whl", hash = "sha256:4f1d9991f5acc0ca119f9d443620b77f9d6b33703e51011c16baf57afb285fc6"},
    {file = "colorama-0.4.6.tar.gz", hash = "sha256:08695f5cb7ed6e0531a20572697297273c47b8cae5a63ffc6d6ed5c201be6e44"},
]

[[package]]
name = "commit-linter"
version = "1.0.3"
description = "simple git hooks scripts for a better git experience that enforces you to use the known commit messages conventions"
optional = false
python-versions = ">=3.6"
groups = ["dev"]
files = [
    {file = "commit-linter-1.0.3.tar.gz", hash = "sha256:e380cac6d9010dab4559380e8d153b71743526bf042d3828dacd6efe544d8aba"},
    {file = "commit_linter-1.0.3-py3-none-any.whl", hash = "sha256:404fc2adb7ad49fddc27b1fa4424c17bf41556dbaed8dc4c274ca1e104825fbb"},
]

[[package]]
name = "coverage"
version = "7.7.0"
description = "Code coverage measurement for Python"
optional = false
python-versions = ">=3.9"
groups = ["dev"]
files = [
    {file = "coverage-7.7.0-cp310-cp310-macosx_10_9_x86_64.whl", hash = "sha256:a538a23119d1e2e2ce077e902d02ea3d8e0641786ef6e0faf11ce82324743944"},
    {file = "coverage-7.7.0-cp310-cp310-macosx_11_0_arm64.whl", hash = "sha256:1586ad158523f4133499a4f322b230e2cfef9cc724820dbd58595a5a236186f4"},
    {file = "coverage-7.7.0-cp310-cp310-manylinux_2_17_aarch64.manylinux2014_aarch64.whl", hash = "sha256:7b6c96d69928a3a6767fab8dc1ce8a02cf0156836ccb1e820c7f45a423570d98"},
    {file = "coverage-7.7.0-cp310-cp310-manylinux_2_5_i686.manylinux1_i686.manylinux_2_17_i686.manylinux2014_i686.whl", hash = "sha256:7f18d47641282664276977c604b5a261e51fefc2980f5271d547d706b06a837f"},
    {file = "coverage-7.7.0-cp310-cp310-manylinux_2_5_x86_64.manylinux1_x86_64.manylinux_2_17_x86_64.manylinux2014_x86_64.whl", hash = "sha256:f2a1e18a85bd066c7c556d85277a7adf4651f259b2579113844835ba1a74aafd"},
    {file = "coverage-7.7.0-cp310-cp310-musllinux_1_2_aarch64.whl", hash = "sha256:70f0925c4e2bfc965369f417e7cc72538fd1ba91639cf1e4ef4b1a6b50439b3b"},
    {file = "coverage-7.7.0-cp310-cp310-musllinux_1_2_i686.whl", hash = "sha256:b0fac2088ec4aaeb5468b814bd3ff5e5978364bfbce5e567c44c9e2854469f6c"},
    {file = "coverage-7.7.0-cp310-cp310-musllinux_1_2_x86_64.whl", hash = "sha256:b3e212a894d8ae07fde2ca8b43d666a6d49bbbddb10da0f6a74ca7bd31f20054"},
    {file = "coverage-7.7.0-cp310-cp310-win32.whl", hash = "sha256:f32b165bf6dfea0846a9c9c38b7e1d68f313956d60a15cde5d1709fddcaf3bee"},
    {file = "coverage-7.7.0-cp310-cp310-win_amd64.whl", hash = "sha256:a2454b12a3f12cc4698f3508912e6225ec63682e2ca5a96f80a2b93cef9e63f3"},
    {file = "coverage-7.7.0-cp311-cp311-macosx_10_9_x86_64.whl", hash = "sha256:a0a207c87a9f743c8072d059b4711f8d13c456eb42dac778a7d2e5d4f3c253a7"},
    {file = "coverage-7.7.0-cp311-cp311-macosx_11_0_arm64.whl", hash = "sha256:2d673e3add00048215c2cc507f1228a7523fd8bf34f279ac98334c9b07bd2656"},
    {file = "coverage-7.7.0-cp311-cp311-manylinux_2_17_aarch64.manylinux2014_aarch64.whl", hash = "sha256:f81fe93dc1b8e5673f33443c0786c14b77e36f1025973b85e07c70353e46882b"},
    {file = "coverage-7.7.0-cp311-cp311-manylinux_2_5_i686.manylinux1_i686.manylinux_2_17_i686.manylinux2014_i686.whl", hash = "sha256:d8c7524779003d59948c51b4fcbf1ca4e27c26a7d75984f63488f3625c328b9b"},
    {file = "coverage-7.7.0-cp311-cp311-manylinux_2_5_x86_64.manylinux1_x86_64.manylinux_2_17_x86_64.manylinux2014_x86_64.whl", hash = "sha256:4c124025430249118d018dcedc8b7426f39373527c845093132196f2a483b6dd"},
    {file = "coverage-7.7.0-cp311-cp311-musllinux_1_2_aarch64.whl", hash = "sha256:e7f559c36d5cdc448ee13e7e56ed7b6b5d44a40a511d584d388a0f5d940977ba"},
    {file = "coverage-7.7.0-cp311-cp311-musllinux_1_2_i686.whl", hash = "sha256:37cbc7b0d93dfd133e33c7ec01123fbb90401dce174c3b6661d8d36fb1e30608"},
    {file = "coverage-7.7.0-cp311-cp311-musllinux_1_2_x86_64.whl", hash = "sha256:7d2a65876274acf544703e943c010b60bd79404e3623a1e5d52b64a6e2728de5"},
    {file = "coverage-7.7.0-cp311-cp311-win32.whl", hash = "sha256:f5a2f71d6a91238e7628f23538c26aa464d390cbdedf12ee2a7a0fb92a24482a"},
    {file = "coverage-7.7.0-cp311-cp311-win_amd64.whl", hash = "sha256:ae8006772c6b0fa53c33747913473e064985dac4d65f77fd2fdc6474e7cd54e4"},
    {file = "coverage-7.7.0-cp312-cp312-macosx_10_13_x86_64.whl", hash = "sha256:056d3017ed67e7ddf266e6f57378ece543755a4c9231e997789ab3bd11392c94"},
    {file = "coverage-7.7.0-cp312-cp312-macosx_11_0_arm64.whl", hash = "sha256:33c1394d8407e2771547583b66a85d07ed441ff8fae5a4adb4237ad39ece60db"},
    {file = "coverage-7.7.0-cp312-cp312-manylinux_2_17_aarch64.manylinux2014_aarch64.whl", hash = "sha256:4fbb7a0c3c21908520149d7751cf5b74eb9b38b54d62997b1e9b3ac19a8ee2fe"},
    {file = "coverage-7.7.0-cp312-cp312-manylinux_2_5_i686.manylinux1_i686.manylinux_2_17_i686.manylinux2014_i686.whl", hash = "sha256:bb356e7ae7c2da13f404bf8f75be90f743c6df8d4607022e759f5d7d89fe83f8"},
    {file = "coverage-7.7.0-cp312-cp312-manylinux_2_5_x86_64.manylinux1_x86_64.manylinux_2_17_x86_64.manylinux2014_x86_64.whl", hash = "sha256:bce730d484038e97f27ea2dbe5d392ec5c2261f28c319a3bb266f6b213650135"},
    {file = "coverage-7.7.0-cp312-cp312-musllinux_1_2_aarch64.whl", hash = "sha256:aa4dff57fc21a575672176d5ab0ef15a927199e775c5e8a3d75162ab2b0c7705"},
    {file = "coverage-7.7.0-cp312-cp312-musllinux_1_2_i686.whl", hash = "sha256:b667b91f4f714b17af2a18e220015c941d1cf8b07c17f2160033dbe1e64149f0"},
    {file = "coverage-7.7.0-cp312-cp312-musllinux_1_2_x86_64.whl", hash = "sha256:693d921621a0c8043bfdc61f7d4df5ea6d22165fe8b807cac21eb80dd94e4bbd"},
    {file = "coverage-7.7.0-cp312-cp312-win32.whl", hash = "sha256:52fc89602cde411a4196c8c6894afb384f2125f34c031774f82a4f2608c59d7d"},
    {file = "coverage-7.7.0-cp312-cp312-win_amd64.whl", hash = "sha256:0ce8cf59e09d31a4915ff4c3b94c6514af4c84b22c4cc8ad7c3c546a86150a92"},
    {file = "coverage-7.7.0-cp313-cp313-macosx_10_13_x86_64.whl", hash = "sha256:4545485fef7a8a2d8f30e6f79ce719eb154aab7e44217eb444c1d38239af2072"},
    {file = "coverage-7.7.0-cp313-cp313-macosx_11_0_arm64.whl", hash = "sha256:1393e5aa9441dafb0162c36c8506c648b89aea9565b31f6bfa351e66c11bcd82"},
    {file = "coverage-7.7.0-cp313-cp313-manylinux_2_17_aarch64.manylinux2014_aarch64.whl", hash = "sha256:316f29cc3392fa3912493ee4c83afa4a0e2db04ff69600711f8c03997c39baaa"},
    {file = "coverage-7.7.0-cp313-cp313-manylinux_2_5_i686.manylinux1_i686.manylinux_2_17_i686.manylinux2014_i686.whl", hash = "sha256:e1ffde1d6bc2a92f9c9207d1ad808550873748ac2d4d923c815b866baa343b3f"},
    {file = "coverage-7.7.0-cp313-cp313-manylinux_2_5_x86_64.manylinux1_x86_64.manylinux_2_17_x86_64.manylinux2014_x86_64.whl", hash = "sha256:416e2a8845eaff288f97eaf76ab40367deafb9073ffc47bf2a583f26b05e5265"},
    {file = "coverage-7.7.0-cp313-cp313-musllinux_1_2_aarch64.whl", hash = "sha256:5efdeff5f353ed3352c04e6b318ab05c6ce9249c25ed3c2090c6e9cadda1e3b2"},
    {file = "coverage-7.7.0-cp313-cp313-musllinux_1_2_i686.whl", hash = "sha256:57f3bd0d29bf2bd9325c0ff9cc532a175110c4bf8f412c05b2405fd35745266d"},
    {file = "coverage-7.7.0-cp313-cp313-musllinux_1_2_x86_64.whl", hash = "sha256:3ab7090f04b12dc6469882ce81244572779d3a4b67eea1c96fb9ecc8c607ef39"},
    {file = "coverage-7.7.0-cp313-cp313-win32.whl", hash = "sha256:180e3fc68ee4dc5af8b33b6ca4e3bb8aa1abe25eedcb958ba5cff7123071af68"},
    {file = "coverage-7.7.0-cp313-cp313-win_amd64.whl", hash = "sha256:55143aa13c49491f5606f05b49ed88663446dce3a4d3c5d77baa4e36a16d3573"},
    {file = "coverage-7.7.0-cp313-cp313t-macosx_10_13_x86_64.whl", hash = "sha256:cc41374d2f27d81d6558f8a24e5c114580ffefc197fd43eabd7058182f743322"},
    {file = "coverage-7.7.0-cp313-cp313t-macosx_11_0_arm64.whl", hash = "sha256:89078312f06237417adda7c021c33f80f7a6d2db8572a5f6c330d89b080061ce"},
    {file = "coverage-7.7.0-cp313-cp313t-manylinux_2_17_aarch64.manylinux2014_aarch64.whl", hash = "sha256:5b2f144444879363ea8834cd7b6869d79ac796cb8f864b0cfdde50296cd95816"},
    {file = "coverage-7.7.0-cp313-cp313t-manylinux_2_5_i686.manylinux1_i686.manylinux_2_17_i686.manylinux2014_i686.whl", hash = "sha256:60e6347d1ed882b1159ffea172cb8466ee46c665af4ca397edbf10ff53e9ffaf"},
    {file = "coverage-7.7.0-cp313-cp313t-manylinux_2_5_x86_64.manylinux1_x86_64.manylinux_2_17_x86_64.manylinux2014_x86_64.whl", hash = "sha256:cb203c0afffaf1a8f5b9659a013f8f16a1b2cad3a80a8733ceedc968c0cf4c57"},
    {file = "coverage-7.7.0-cp313-cp313t-musllinux_1_2_aarch64.whl", hash = "sha256:ad0edaa97cb983d9f2ff48cadddc3e1fb09f24aa558abeb4dc9a0dbacd12cbb4"},
    {file = "coverage-7.7.0-cp313-cp313t-musllinux_1_2_i686.whl", hash = "sha256:c5f8a5364fc37b2f172c26a038bc7ec4885f429de4a05fc10fdcb53fb5834c5c"},
    {file = "coverage-7.7.0-cp313-cp313t-musllinux_1_2_x86_64.whl", hash = "sha256:c4e09534037933bf6eb31d804e72c52ec23219b32c1730f9152feabbd7499463"},
    {file = "coverage-7.7.0-cp313-cp313t-win32.whl", hash = "sha256:1b336d06af14f8da5b1f391e8dec03634daf54dfcb4d1c4fb6d04c09d83cef90"},
    {file = "coverage-7.7.0-cp313-cp313t-win_amd64.whl", hash = "sha256:b54a1ee4c6f1905a436cbaa04b26626d27925a41cbc3a337e2d3ff7038187f07"},
    {file = "coverage-7.7.0-cp39-cp39-macosx_10_9_x86_64.whl", hash = "sha256:1c8fbce80b2b8bf135d105aa8f5b36eae0c57d702a1cc3ebdea2a6f03f6cdde5"},
    {file = "coverage-7.7.0-cp39-cp39-macosx_11_0_arm64.whl", hash = "sha256:d9710521f07f526de30ccdead67e6b236fe996d214e1a7fba8b36e2ba2cd8261"},
    {file = "coverage-7.7.0-cp39-cp39-manylinux_2_17_aarch64.manylinux2014_aarch64.whl", hash = "sha256:7789e700f33f2b133adae582c9f437523cd5db8de845774988a58c360fc88253"},
    {file = "coverage-7.7.0-cp39-cp39-manylinux_2_5_i686.manylinux1_i686.manylinux_2_17_i686.manylinux2014_i686.whl", hash = "sha256:b8c36093aca722db73633cf2359026ed7782a239eb1c6db2abcff876012dc4cf"},
    {file = "coverage-7.7.0-cp39-cp39-manylinux_2_5_x86_64.manylinux1_x86_64.manylinux_2_17_x86_64.manylinux2014_x86_64.whl", hash = "sha256:c075d167a6ec99b798c1fdf6e391a1d5a2d054caffe9593ba0f97e3df2c04f0e"},
    {file = "coverage-7.7.0-cp39-cp39-musllinux_1_2_aarch64.whl", hash = "sha256:d013c07061751ae81861cae6ec3a4fe04e84781b11fd4b6b4201590234b25c7b"},
    {file = "coverage-7.7.0-cp39-cp39-musllinux_1_2_i686.whl", hash = "sha256:104bf640f408f4e115b85110047c7f27377e1a8b7ba86f7db4fa47aa49dc9a8e"},
    {file = "coverage-7.7.0-cp39-cp39-musllinux_1_2_x86_64.whl", hash = "sha256:39abcacd1ed54e2c33c54bdc488b310e8ef6705833f7148b6eb9a547199d375d"},
    {file = "coverage-7.7.0-cp39-cp39-win32.whl", hash = "sha256:8e336b56301774ace6be0017ff85c3566c556d938359b61b840796a0202f805c"},
    {file = "coverage-7.7.0-cp39-cp39-win_amd64.whl", hash = "sha256:8c938c6ae59be67ac19a7204e079efc94b38222cd7d0269f96e45e18cddeaa59"},
    {file = "coverage-7.7.0-pp39.pp310.pp311-none-any.whl", hash = "sha256:3b0e6e54591ae0d7427def8a4d40fca99df6b899d10354bab73cd5609807261c"},
    {file = "coverage-7.7.0-py3-none-any.whl", hash = "sha256:708f0a1105ef2b11c79ed54ed31f17e6325ac936501fc373f24be3e6a578146a"},
    {file = "coverage-7.7.0.tar.gz", hash = "sha256:cd879d4646055a573775a1cec863d00c9ff8c55860f8b17f6d8eee9140c06166"},
]

[package.extras]
toml = ["tomli ; python_full_version <= \"3.11.0a6\""]

[[package]]
name = "grimp"
version = "3.2"
description = "Builds a queryable graph of the imports within one or more Python packages."
optional = false
python-versions = ">=3.8"
groups = ["dev"]
files = [
    {file = "grimp-3.2-cp310-cp310-macosx_10_12_x86_64.whl", hash = "sha256:4bb53fd3994e9bb2ba57f68eeb1c8dc25713ee46908b590e323a163c65dd2046"},
    {file = "grimp-3.2-cp310-cp310-macosx_11_0_arm64.whl", hash = "sha256:a4b7edeb5745ae47a20989fd488bfee49970429898cb3952b7c284ec136f3f00"},
    {file = "grimp-3.2-cp310-cp310-manylinux_2_17_aarch64.manylinux2014_aarch64.whl", hash = "sha256:d4e88f311db803773a98799bf90046fae88790dbac954763e4907e0e88fb7cbe"},
    {file = "grimp-3.2-cp310-cp310-manylinux_2_17_armv7l.manylinux2014_armv7l.whl", hash = "sha256:6107b1d242ffb4e577527e7a66583d68c119944694139790f926566857dddc18"},
    {file = "grimp-3.2-cp310-cp310-manylinux_2_17_ppc64le.manylinux2014_ppc64le.whl", hash = "sha256:72a3daf117d997712938e57763a95ae6e5d703b001ca46908b44884b220005b1"},
    {file = "grimp-3.2-cp310-cp310-manylinux_2_17_s390x.manylinux2014_s390x.whl", hash = "sha256:b6502ca836895eb56f1363d808d00c7571ccaca170dca9bf8e92dc44ca00aa5c"},
    {file = "grimp-3.2-cp310-cp310-manylinux_2_17_x86_64.manylinux2014_x86_64.whl", hash = "sha256:e133d5adc1093fe66ef58b8cdc4a96b7928678e1624c1cf47a33231e1953df8d"},
    {file = "grimp-3.2-cp310-cp310-manylinux_2_5_i686.manylinux1_i686.whl", hash = "sha256:ab50b3684210032aee6665c924b1b49ef7a044cc64761fb1173d967b9995fb68"},
    {file = "grimp-3.2-cp310-none-win32.whl", hash = "sha256:e537464745084bc4e2c1786dd3848b895a66a62e7205532c7c28224e7550496f"},
    {file = "grimp-3.2-cp310-none-win_amd64.whl", hash = "sha256:284bd64133f562e617645ec35355365d56303fd7fa607ebdd144c04cbf335b02"},
    {file = "grimp-3.2-cp311-cp311-macosx_10_12_x86_64.whl", hash = "sha256:2c746d6894cd6ed836377977343add3b591b17529d06b8e6904ce264e40fd395"},
    {file = "grimp-3.2-cp311-cp311-macosx_11_0_arm64.whl", hash = "sha256:7c19629f6164363b20690ff09480051d85a6ed99501e7208c2ac8a1b85cee75d"},
    {file = "grimp-3.2-cp311-cp311-manylinux_2_17_aarch64.manylinux2014_aarch64.whl", hash = "sha256:523c33702a0544d9ebd000217b375534d9291a40fefc7d8da7317f2f74041fd9"},
    {file = "grimp-3.2-cp311-cp311-manylinux_2_17_armv7l.manylinux2014_armv7l.whl", hash = "sha256:c657c1cbabe9534cfbf6e0d9c7b0743f7b656a30763243a336366a59c06c4f48"},
    {file = "grimp-3.2-cp311-cp311-manylinux_2_17_ppc64le.manylinux2014_ppc64le.whl", hash = "sha256:3855540cbb952a74a70786f32774cfbaccf45fa3b268a7ef7bf969bd6b80de95"},
    {file = "grimp-3.2-cp311-cp311-manylinux_2_17_s390x.manylinux2014_s390x.whl", hash = "sha256:132e0714bbd0fa2ddd8a66483ca0cdf3b2a1a9a01ad0b7b6da470fb4692b1a87"},
    {file = "grimp-3.2-cp311-cp311-manylinux_2_17_x86_64.manylinux2014_x86_64.whl", hash = "sha256:dba38c70c58f5b9dd9f72ffd996858cf4f1e4862d32d76efe51a42975cd130bd"},
    {file = "grimp-3.2-cp311-cp311-manylinux_2_5_i686.manylinux1_i686.whl", hash = "sha256:0e24b4a9cbe4be686508e103d4520cd3af0200c7743f1ffafcfc1fd2d130efbf"},
    {file = "grimp-3.2-cp311-none-win32.whl", hash = "sha256:192e00612e0ff4d6262f1080f71459997a1ab2efac4343e0630415e3e320d688"},
    {file = "grimp-3.2-cp311-none-win_amd64.whl", hash = "sha256:3419aace4bb2cfb2e08c03951c9412c9097a5dcc8bdbc65dbdf88d673cda898b"},
    {file = "grimp-3.2-cp312-cp312-macosx_10_12_x86_64.whl", hash = "sha256:9021541c5155ae454da3bfa639e8ca01965d6adbaf6f46808a0d6782a6dc072d"},
    {file = "grimp-3.2-cp312-cp312-macosx_11_0_arm64.whl", hash = "sha256:e0bc593f9eda9ec056bf6d9309542e44215440f8512586b3ba4267d41d5833e7"},
    {file = "grimp-3.2-cp312-cp312-manylinux_2_17_aarch64.manylinux2014_aarch64.whl", hash = "sha256:4b8fb16982fe646a682b8bf7cdd4d6db1812c1e54583c7821d0e7d197895c2bd"},
    {file = "grimp-3.2-cp312-cp312-manylinux_2_17_armv7l.manylinux2014_armv7l.whl", hash = "sha256:085119de62cf07ece8e80cb4a55fa0883d3cefa35f05d7025f0c98abece51119"},
    {file = "grimp-3.2-cp312-cp312-manylinux_2_17_ppc64le.manylinux2014_ppc64le.whl", hash = "sha256:eacf611157e61c4140382a1893479664a33b158b08f605f1ea63cabe996b7cf0"},
    {file = "grimp-3.2-cp312-cp312-manylinux_2_17_s390x.manylinux2014_s390x.whl", hash = "sha256:08d7b6f63b3ad2e18956508500fbff840ec0fa0e789b629bec29966df3686f2f"},
    {file = "grimp-3.2-cp312-cp312-manylinux_2_17_x86_64.manylinux2014_x86_64.whl", hash = "sha256:cad714ca909eefc9fcc189c3fdefbc012cae7e4d4d4bb2f9496e98da87a27136"},
    {file = "grimp-3.2-cp312-cp312-manylinux_2_5_i686.manylinux1_i686.whl", hash = "sha256:05a2f1f3a2e69fae9469c89f48c516cab862403256c5441b524784c74ac43f0d"},
    {file = "grimp-3.2-cp312-none-win32.whl", hash = "sha256:15013ae12d2b5659d5f55f98941acc8da0172151b21ef29fa6e4f355266594b9"},
    {file = "grimp-3.2-cp312-none-win_amd64.whl", hash = "sha256:414f0d2c772df180a287ddf8897c28e6bf71b597de6363fc3e5ff2456a168a5a"},
    {file = "grimp-3.2-cp313-cp313-manylinux_2_17_aarch64.manylinux2014_aarch64.whl", hash = "sha256:adf032c8f5014da61aba7689e05831843b4e8c5209c2792a5fb8acd7a01ece5d"},
    {file = "grimp-3.2-cp313-cp313-manylinux_2_17_armv7l.manylinux2014_armv7l.whl", hash = "sha256:36404520c1b02b6f5a12f4da738f64a9c1559fc026e9a68a64eff408b1642158"},
    {file = "grimp-3.2-cp313-cp313-manylinux_2_17_ppc64le.manylinux2014_ppc64le.whl", hash = "sha256:8eb1fd52f6251f90b246d43038a421fde21cc3d4b16c99646753086a9749ce7f"},
    {file = "grimp-3.2-cp313-cp313-manylinux_2_17_s390x.manylinux2014_s390x.whl", hash = "sha256:8ad66be05a325c80655861bcbe6b86e50a890ca17ebb00b9c8d23d38f89485dd"},
    {file = "grimp-3.2-cp38-cp38-macosx_10_12_x86_64.whl", hash = "sha256:b092dc245981a672570ae7c772e99f81f10efc11bbe6d3bca3e8ed1ac83c586d"},
    {file = "grimp-3.2-cp38-cp38-macosx_11_0_arm64.whl", hash = "sha256:6f17a817f9410e10bbcccb021dd160c08f8ee2b3d8e546f358603bba0e16a4f4"},
    {file = "grimp-3.2-cp38-cp38-manylinux_2_17_aarch64.manylinux2014_aarch64.whl", hash = "sha256:f4c80ae001b4bbe5b50f2c6a532553ef099e7b62bc08b3a7df4446346ad62eaf"},
    {file = "grimp-3.2-cp38-cp38-manylinux_2_17_armv7l.manylinux2014_armv7l.whl", hash = "sha256:232af9c0a9bf14b3588df5f4b857e38b77cd7e829ec664b191e057e113e1b695"},
    {file = "grimp-3.2-cp38-cp38-manylinux_2_17_ppc64le.manylinux2014_ppc64le.whl", hash = "sha256:b8f18e4c913019bcfcaf3396e64cdfc76890ec942b420ee3c025094f16560288"},
    {file = "grimp-3.2-cp38-cp38-manylinux_2_17_s390x.manylinux2014_s390x.whl", hash = "sha256:37fe23a595f26ea91022a9166b8b7353f788686d650705d30ead2c8ef88da17d"},
    {file = "grimp-3.2-cp38-cp38-manylinux_2_17_x86_64.manylinux2014_x86_64.whl", hash = "sha256:34833ac76c5f23e523aab9701d2b6c051d1fdef330b53a569cb316ed6cac8c93"},
    {file = "grimp-3.2-cp38-cp38-manylinux_2_5_i686.manylinux1_i686.whl", hash = "sha256:c4cf735df220895e8a10d3e61e4d9a5d5a483464a27086f677798936dd3dcc73"},
    {file = "grimp-3.2-cp38-none-win32.whl", hash = "sha256:ca3828d1d151eb960fa7106cacf89ac8f41f316a954f64023610efa2c891e349"},
    {file = "grimp-3.2-cp38-none-win_amd64.whl", hash = "sha256:7ea0c58cceab6c75452a6ab9617698b3ece2eb20938d91419ec3ed35d7ab3be5"},
    {file = "grimp-3.2-cp39-cp39-macosx_10_12_x86_64.whl", hash = "sha256:c4a86f86b7e0f0d81da587f01f30fa04a9f087de76e40c1fe790cb5525b2e2de"},
    {file = "grimp-3.2-cp39-cp39-macosx_11_0_arm64.whl", hash = "sha256:5054e0f5d8b19970881f060c879e5fd69045b9f45c0c51afd0314268db21c02f"},
    {file = "grimp-3.2-cp39-cp39-manylinux_2_17_aarch64.manylinux2014_aarch64.whl", hash = "sha256:474be3c8f1b5b79611421b75f035ccfe176355e139624503b19510147edf9566"},
    {file = "grimp-3.2-cp39-cp39-manylinux_2_17_armv7l.manylinux2014_armv7l.whl", hash = "sha256:217320c5851df9b761d6195884e28f0f82b562237776b092b0e216ff5c57f5d1"},
    {file = "grimp-3.2-cp39-cp39-manylinux_2_17_ppc64le.manylinux2014_ppc64le.whl", hash = "sha256:7342d444caa2f0e49efb6f30d550ab77acffa6ec53efaafff9ea6023578fa720"},
    {file = "grimp-3.2-cp39-cp39-manylinux_2_17_s390x.manylinux2014_s390x.whl", hash = "sha256:05feca9c9f20f0b227a747a3300c49628cafc852e7f63f476f6adcfc2a81421a"},
    {file = "grimp-3.2-cp39-cp39-manylinux_2_17_x86_64.manylinux2014_x86_64.whl", hash = "sha256:0690fdde12d5224b7787e3aea14cb9579569e9cb503ce4334eb19fb5e224901a"},
    {file = "grimp-3.2-cp39-cp39-manylinux_2_5_i686.manylinux1_i686.whl", hash = "sha256:f39eadd5b74119355a871f98b904e7e0b25a5eba06fda315c097962acef61841"},
    {file = "grimp-3.2-cp39-none-win32.whl", hash = "sha256:038779ebb05509de9c418555e5d7b8857f90d7a095baf0f4e0ec261fcfae22ba"},
    {file = "grimp-3.2-cp39-none-win_amd64.whl", hash = "sha256:436931ba7d4644b5b55f84d92c12d18365d3ec94f8e4b4ee874d12f5b961c30c"},
    {file = "grimp-3.2-pp310-pypy310_pp73-manylinux_2_17_aarch64.manylinux2014_aarch64.whl", hash = "sha256:1bb65430aa58f81bece95927bb87c092a34f5c8295fe8dc81c312764a6a709f1"},
    {file = "grimp-3.2-pp310-pypy310_pp73-manylinux_2_17_armv7l.manylinux2014_armv7l.whl", hash = "sha256:55332ec2cca39d7604b9a1f08c63eabaf965008b8bed0fdc80d684383cb5e194"},
    {file = "grimp-3.2-pp310-pypy310_pp73-manylinux_2_17_ppc64le.manylinux2014_ppc64le.whl", hash = "sha256:02f58a0afa5fa06f6f98bad28a5e1a33c9e32b2c8281df7069f932dc56719335"},
    {file = "grimp-3.2-pp310-pypy310_pp73-manylinux_2_17_s390x.manylinux2014_s390x.whl", hash = "sha256:ff9e87f38c6a31d7aa16f8cc93efe8a5ba3195ea8f9260eceed2b56395965276"},
    {file = "grimp-3.2-pp310-pypy310_pp73-manylinux_2_17_x86_64.manylinux2014_x86_64.whl", hash = "sha256:b0726e943fccaa60f823675a236e413cafb4526cafadec334903b1b217c317ed"},
    {file = "grimp-3.2-pp310-pypy310_pp73-manylinux_2_5_i686.manylinux1_i686.whl", hash = "sha256:d999fa016aff0cdbddc3375538cd7b8acf76112d5760ef0b21a1be6866278628"},
    {file = "grimp-3.2-pp38-pypy38_pp73-manylinux_2_17_aarch64.manylinux2014_aarch64.whl", hash = "sha256:bf10209fc39edfa95a3409a4a4921a9370414e8e6b38672494e7e01f437a2b1f"},
    {file = "grimp-3.2-pp38-pypy38_pp73-manylinux_2_17_armv7l.manylinux2014_armv7l.whl", hash = "sha256:7462e673623e905c358275900550a7b605b0a89bfbc671602dc150bea0afd4bd"},
    {file = "grimp-3.2-pp38-pypy38_pp73-manylinux_2_17_ppc64le.manylinux2014_ppc64le.whl", hash = "sha256:83acb48ed49c123111cb098cae39625bfbf454524f6f89182cc0a3b6860a63cd"},
    {file = "grimp-3.2-pp38-pypy38_pp73-manylinux_2_17_s390x.manylinux2014_s390x.whl", hash = "sha256:fd1a7d82a3d4529561d3fb152797d66b0e63823c8b875662fc7c7d7231752c42"},
    {file = "grimp-3.2-pp38-pypy38_pp73-manylinux_2_17_x86_64.manylinux2014_x86_64.whl", hash = "sha256:f9887a8ddbd3e3ccb2d21fec98f4ab1b311baff25013d21486abb9f63b1d0bae"},
    {file = "grimp-3.2-pp38-pypy38_pp73-manylinux_2_5_i686.manylinux1_i686.whl", hash = "sha256:5ba0d863b10c6b612486e2d1b97539894c7f3f71fd67ef126b2c77eb9c027d5c"},
    {file = "grimp-3.2-pp39-pypy39_pp73-manylinux_2_17_aarch64.manylinux2014_aarch64.whl", hash = "sha256:b34c5c891669b5691894649554c91f118925132d892a660847c7b4f8b8cfc023"},
    {file = "grimp-3.2-pp39-pypy39_pp73-manylinux_2_17_armv7l.manylinux2014_armv7l.whl", hash = "sha256:7c0d2793022efa837f3cad413dd70e11496e3511570c5bb78c0e667813196e75"},
    {file = "grimp-3.2-pp39-pypy39_pp73-manylinux_2_17_ppc64le.manylinux2014_ppc64le.whl", hash = "sha256:4e72e0c8f56bd54e8e61bd7ed34bf62ca0821aa32536564241334be7704da739"},
    {file = "grimp-3.2-pp39-pypy39_pp73-manylinux_2_17_s390x.manylinux2014_s390x.whl", hash = "sha256:090b545afc14d090d5f15570cde2e5ce46700787f364130afcc12d4f2d8c8c26"},
    {file = "grimp-3.2-pp39-pypy39_pp73-manylinux_2_17_x86_64.manylinux2014_x86_64.whl", hash = "sha256:8493e03a968507ac7212c0571ef2ab5094f950370a37db2c98b3a73b965b6db9"},
    {file = "grimp-3.2-pp39-pypy39_pp73-manylinux_2_5_i686.manylinux1_i686.whl", hash = "sha256:2e173ec37da134f48c48d85f6b57f72a22a5abdba69bfae2516f0c5aea5aba88"},
    {file = "grimp-3.2.tar.gz", hash = "sha256:5ec7e7475a3616b1bec14d852784fa2e3829a4331fd2309a055f1e75ba5a4f50"},
]

[package.dependencies]
typing-extensions = ">=3.10.0.0"

[[package]]
name = "import-linter"
version = "2.2"
description = "Enforces rules for the imports within and between Python packages."
optional = false
python-versions = ">=3.9"
groups = ["dev"]
files = [
    {file = "import_linter-2.2-py3-none-any.whl", hash = "sha256:28bd1da4375ea3ad70c73275bafcfc49b8794d49432a3e7a399d06dbf3173447"},
    {file = "import_linter-2.2.tar.gz", hash = "sha256:122d9ed6f6e891e6a32edf8061b683d49c84bc1454f6ce79bc260f69f4741a69"},
]

[package.dependencies]
click = ">=6"
grimp = ">=3.2"
typing-extensions = ">=3.10.0.0"

[[package]]
name = "iniconfig"
version = "2.0.0"
description = "brain-dead simple config-ini parsing"
optional = false
python-versions = ">=3.7"
groups = ["dev"]
files = [
    {file = "iniconfig-2.0.0-py3-none-any.whl", hash = "sha256:b6a85871a79d2e3b22d2d1b94ac2824226a63c6b741c88f7ae975f18b6778374"},
    {file = "iniconfig-2.0.0.tar.gz", hash = "sha256:2d91e135bf72d31a410b17c16da610a82cb55f6b0477d1a902134b24a455b8b3"},
]

[[package]]
name = "mypy"
version = "1.15.0"
description = "Optional static typing for Python"
optional = false
python-versions = ">=3.9"
groups = ["dev"]
files = [
    {file = "mypy-1.15.0-cp310-cp310-macosx_10_9_x86_64.whl", hash = "sha256:979e4e1a006511dacf628e36fadfecbcc0160a8af6ca7dad2f5025529e082c13"},
    {file = "mypy-1.15.0-cp310-cp310-macosx_11_0_arm64.whl", hash = "sha256:c4bb0e1bd29f7d34efcccd71cf733580191e9a264a2202b0239da95984c5b559"},
    {file = "mypy-1.15.0-cp310-cp310-manylinux_2_17_aarch64.manylinux2014_aarch64.manylinux_2_28_aarch64.whl", hash = "sha256:be68172e9fd9ad8fb876c6389f16d1c1b5f100ffa779f77b1fb2176fcc9ab95b"},
    {file = "mypy-1.15.0-cp310-cp310-manylinux_2_17_x86_64.manylinux2014_x86_64.manylinux_2_28_x86_64.whl", hash = "sha256:c7be1e46525adfa0d97681432ee9fcd61a3964c2446795714699a998d193f1a3"},
    {file = "mypy-1.15.0-cp310-cp310-musllinux_1_2_x86_64.whl", hash = "sha256:2e2c2e6d3593f6451b18588848e66260ff62ccca522dd231cd4dd59b0160668b"},
    {file = "mypy-1.15.0-cp310-cp310-win_amd64.whl", hash = "sha256:6983aae8b2f653e098edb77f893f7b6aca69f6cffb19b2cc7443f23cce5f4828"},
    {file = "mypy-1.15.0-cp311-cp311-macosx_10_9_x86_64.whl", hash = "sha256:2922d42e16d6de288022e5ca321cd0618b238cfc5570e0263e5ba0a77dbef56f"},
    {file = "mypy-1.15.0-cp311-cp311-macosx_11_0_arm64.whl", hash = "sha256:2ee2d57e01a7c35de00f4634ba1bbf015185b219e4dc5909e281016df43f5ee5"},
    {file = "mypy-1.15.0-cp311-cp311-manylinux_2_17_aarch64.manylinux2014_aarch64.manylinux_2_28_aarch64.whl", hash = "sha256:973500e0774b85d9689715feeffcc980193086551110fd678ebe1f4342fb7c5e"},
    {file = "mypy-1.15.0-cp311-cp311-manylinux_2_17_x86_64.manylinux2014_x86_64.manylinux_2_28_x86_64.whl", hash = "sha256:5a95fb17c13e29d2d5195869262f8125dfdb5c134dc8d9a9d0aecf7525b10c2c"},
    {file = "mypy-1.15.0-cp311-cp311-musllinux_1_2_x86_64.whl", hash = "sha256:1905f494bfd7d85a23a88c5d97840888a7bd516545fc5aaedff0267e0bb54e2f"},
    {file = "mypy-1.15.0-cp311-cp311-win_amd64.whl", hash = "sha256:c9817fa23833ff189db061e6d2eff49b2f3b6ed9856b4a0a73046e41932d744f"},
    {file = "mypy-1.15.0-cp312-cp312-macosx_10_13_x86_64.whl", hash = "sha256:aea39e0583d05124836ea645f412e88a5c7d0fd77a6d694b60d9b6b2d9f184fd"},
    {file = "mypy-1.15.0-cp312-cp312-macosx_11_0_arm64.whl", hash = "sha256:2f2147ab812b75e5b5499b01ade1f4a81489a147c01585cda36019102538615f"},
    {file = "mypy-1.15.0-cp312-cp312-manylinux_2_17_aarch64.manylinux2014_aarch64.manylinux_2_28_aarch64.whl", hash = "sha256:ce436f4c6d218a070048ed6a44c0bbb10cd2cc5e272b29e7845f6a2f57ee4464"},
    {file = "mypy-1.15.0-cp312-cp312-manylinux_2_17_x86_64.manylinux2014_x86_64.manylinux_2_28_x86_64.whl", hash = "sha256:8023ff13985661b50a5928fc7a5ca15f3d1affb41e5f0a9952cb68ef090b31ee"},
    {file = "mypy-1.15.0-cp312-cp312-musllinux_1_2_x86_64.whl", hash = "sha256:1124a18bc11a6a62887e3e137f37f53fbae476dc36c185d549d4f837a2a6a14e"},
    {file = "mypy-1.15.0-cp312-cp312-win_amd64.whl", hash = "sha256:171a9ca9a40cd1843abeca0e405bc1940cd9b305eaeea2dda769ba096932bb22"},
    {file = "mypy-1.15.0-cp313-cp313-macosx_10_13_x86_64.whl", hash = "sha256:93faf3fdb04768d44bf28693293f3904bbb555d076b781ad2530214ee53e3445"},
    {file = "mypy-1.15.0-cp313-cp313-macosx_11_0_arm64.whl", hash = "sha256:811aeccadfb730024c5d3e326b2fbe9249bb7413553f15499a4050f7c30e801d"},
    {file = "mypy-1.15.0-cp313-cp313-manylinux_2_17_aarch64.manylinux2014_aarch64.manylinux_2_28_aarch64.whl", hash = "sha256:98b7b9b9aedb65fe628c62a6dc57f6d5088ef2dfca37903a7d9ee374d03acca5"},
    {file = "mypy-1.15.0-cp313-cp313-manylinux_2_17_x86_64.manylinux2014_x86_64.manylinux_2_28_x86_64.whl", hash = "sha256:c43a7682e24b4f576d93072216bf56eeff70d9140241f9edec0c104d0c515036"},
    {file = "mypy-1.15.0-cp313-cp313-musllinux_1_2_x86_64.whl", hash = "sha256:baefc32840a9f00babd83251560e0ae1573e2f9d1b067719479bfb0e987c6357"},
    {file = "mypy-1.15.0-cp313-cp313-win_amd64.whl", hash = "sha256:b9378e2c00146c44793c98b8d5a61039a048e31f429fb0eb546d93f4b000bedf"},
    {file = "mypy-1.15.0-cp39-cp39-macosx_10_9_x86_64.whl", hash = "sha256:e601a7fa172c2131bff456bb3ee08a88360760d0d2f8cbd7a75a65497e2df078"},
    {file = "mypy-1.15.0-cp39-cp39-macosx_11_0_arm64.whl", hash = "sha256:712e962a6357634fef20412699a3655c610110e01cdaa6180acec7fc9f8513ba"},
    {file = "mypy-1.15.0-cp39-cp39-manylinux_2_17_aarch64.manylinux2014_aarch64.manylinux_2_28_aarch64.whl", hash = "sha256:f95579473af29ab73a10bada2f9722856792a36ec5af5399b653aa28360290a5"},
    {file = "mypy-1.15.0-cp39-cp39-manylinux_2_17_x86_64.manylinux2014_x86_64.manylinux_2_28_x86_64.whl", hash = "sha256:8f8722560a14cde92fdb1e31597760dc35f9f5524cce17836c0d22841830fd5b"},
    {file = "mypy-1.15.0-cp39-cp39-musllinux_1_2_x86_64.whl", hash = "sha256:1fbb8da62dc352133d7d7ca90ed2fb0e9d42bb1a32724c287d3c76c58cbaa9c2"},
    {file = "mypy-1.15.0-cp39-cp39-win_amd64.whl", hash = "sha256:d10d994b41fb3497719bbf866f227b3489048ea4bbbb5015357db306249f7980"},
    {file = "mypy-1.15.0-py3-none-any.whl", hash = "sha256:5469affef548bd1895d86d3bf10ce2b44e33d86923c29e4d675b3e323437ea3e"},
    {file = "mypy-1.15.0.tar.gz", hash = "sha256:404534629d51d3efea5c800ee7c42b72a6554d6c400e6a79eafe15d11341fd43"},
]

[package.dependencies]
mypy_extensions = ">=1.0.0"
typing_extensions = ">=4.6.0"

[package.extras]
dmypy = ["psutil (>=4.0)"]
faster-cache = ["orjson"]
install-types = ["pip"]
mypyc = ["setuptools (>=50)"]
reports = ["lxml"]

[[package]]
name = "mypy-extensions"
version = "1.0.0"
description = "Type system extensions for programs checked with the mypy type checker."
optional = false
python-versions = ">=3.5"
groups = ["dev"]
files = [
    {file = "mypy_extensions-1.0.0-py3-none-any.whl", hash = "sha256:4392f6c0eb8a5668a69e23d168ffa70f0be9ccfd32b5cc2d26a34ae5b844552d"},
    {file = "mypy_extensions-1.0.0.tar.gz", hash = "sha256:75dbf8955dc00442a438fc4d0666508a9a97b6bd41aa2f0ffe9d2f2725af0782"},
]

[[package]]
name = "packaging"
version = "24.0"
description = "Core utilities for Python packages"
optional = false
python-versions = ">=3.7"
groups = ["dev"]
files = [
    {file = "packaging-24.0-py3-none-any.whl", hash = "sha256:2ddfb553fdf02fb784c234c7ba6ccc288296ceabec964ad2eae3777778130bc5"},
    {file = "packaging-24.0.tar.gz", hash = "sha256:eb82c5e3e56209074766e6885bb04b8c38a0c015d0a30036ebe7ece34c9989e9"},
]

[[package]]
name = "pluggy"
version = "1.5.0"
description = "plugin and hook calling mechanisms for python"
optional = false
python-versions = ">=3.8"
groups = ["dev"]
files = [
    {file = "pluggy-1.5.0-py3-none-any.whl", hash = "sha256:44e1ad92c8ca002de6377e165f3e0f1be63266ab4d554740532335b9d75ea669"},
    {file = "pluggy-1.5.0.tar.gz", hash = "sha256:2cffa88e94fdc978c4c574f15f9e59b7f4201d439195c3715ca9e2486f1d0cf1"},
]

[package.extras]
dev = ["pre-commit", "tox"]
testing = ["pytest", "pytest-benchmark"]

[[package]]
name = "pytest"
version = "8.3.5"
description = "pytest: simple powerful testing with Python"
optional = false
python-versions = ">=3.8"
groups = ["dev"]
files = [
    {file = "pytest-8.3.5-py3-none-any.whl", hash = "sha256:c69214aa47deac29fad6c2a4f590b9c4a9fdb16a403176fe154b79c0b4d4d820"},
    {file = "pytest-8.3.5.tar.gz", hash = "sha256:f4efe70cc14e511565ac476b57c279e12a855b11f48f212af1080ef2263d3845"},
]

[package.dependencies]
colorama = {version = "*", markers = "sys_platform == \"win32\""}
iniconfig = "*"
packaging = "*"
pluggy = ">=1.5,<2"

[package.extras]
dev = ["argcomplete", "attrs (>=19.2)", "hypothesis (>=3.56)", "mock", "pygments (>=2.7.2)", "requests", "setuptools", "xmlschema"]

[[package]]
name = "pytest-cov"
version = "5.0.0"
description = "Pytest plugin for measuring coverage."
optional = false
python-versions = ">=3.8"
groups = ["dev"]
files = [
    {file = "pytest-cov-5.0.0.tar.gz", hash = "sha256:5837b58e9f6ebd335b0f8060eecce69b662415b16dc503883a02f45dfeb14857"},
    {file = "pytest_cov-5.0.0-py3-none-any.whl", hash = "sha256:4f0764a1219df53214206bf1feea4633c3b558a2925c8b59f144f682861ce652"},
]

[package.dependencies]
coverage = {version = ">=5.2.1", extras = ["toml"]}
pytest = ">=4.6"

[package.extras]
testing = ["fields", "hunter", "process-tests", "pytest-xdist", "virtualenv"]

[[package]]
name = "ruff"
version = "0.9.10"
description = "An extremely fast Python linter and code formatter, written in Rust."
optional = false
python-versions = ">=3.7"
groups = ["dev"]
files = [
    {file = "ruff-0.9.10-py3-none-linux_armv6l.whl", hash = "sha256:eb4d25532cfd9fe461acc83498361ec2e2252795b4f40b17e80692814329e42d"},
    {file = "ruff-0.9.10-py3-none-macosx_10_12_x86_64.whl", hash = "sha256:188a6638dab1aa9bb6228a7302387b2c9954e455fb25d6b4470cb0641d16759d"},
    {file = "ruff-0.9.10-py3-none-macosx_11_0_arm64.whl", hash = "sha256:5284dcac6b9dbc2fcb71fdfc26a217b2ca4ede6ccd57476f52a587451ebe450d"},
    {file = "ruff-0.9.10-py3-none-manylinux_2_17_aarch64.manylinux2014_aarch64.whl", hash = "sha256:47678f39fa2a3da62724851107f438c8229a3470f533894b5568a39b40029c0c"},
    {file = "ruff-0.9.10-py3-none-manylinux_2_17_armv7l.manylinux2014_armv7l.whl", hash = "sha256:99713a6e2766b7a17147b309e8c915b32b07a25c9efd12ada79f217c9c778b3e"},
    {file = "ruff-0.9.10-py3-none-manylinux_2_17_i686.manylinux2014_i686.whl", hash = "sha256:524ee184d92f7c7304aa568e2db20f50c32d1d0caa235d8ddf10497566ea1a12"},
    {file = "ruff-0.9.10-py3-none-manylinux_2_17_ppc64.manylinux2014_ppc64.whl", hash = "sha256:df92aeac30af821f9acf819fc01b4afc3dfb829d2782884f8739fb52a8119a16"},
    {file = "ruff-0.9.10-py3-none-manylinux_2_17_ppc64le.manylinux2014_ppc64le.whl", hash = "sha256:de42e4edc296f520bb84954eb992a07a0ec5a02fecb834498415908469854a52"},
    {file = "ruff-0.9.10-py3-none-manylinux_2_17_s390x.manylinux2014_s390x.whl", hash = "sha256:d257f95b65806104b6b1ffca0ea53f4ef98454036df65b1eda3693534813ecd1"},
    {file = "ruff-0.9.10-py3-none-manylinux_2_17_x86_64.manylinux2014_x86_64.whl", hash = "sha256:b60dec7201c0b10d6d11be00e8f2dbb6f40ef1828ee75ed739923799513db24c"},
    {file = "ruff-0.9.10-py3-none-musllinux_1_2_aarch64.whl", hash = "sha256:d838b60007da7a39c046fcdd317293d10b845001f38bcb55ba766c3875b01e43"},
    {file = "ruff-0.9.10-py3-none-musllinux_1_2_armv7l.whl", hash = "sha256:ccaf903108b899beb8e09a63ffae5869057ab649c1e9231c05ae354ebc62066c"},
    {file = "ruff-0.9.10-py3-none-musllinux_1_2_i686.whl", hash = "sha256:f9567d135265d46e59d62dc60c0bfad10e9a6822e231f5b24032dba5a55be6b5"},
    {file = "ruff-0.9.10-py3-none-musllinux_1_2_x86_64.whl", hash = "sha256:5f202f0d93738c28a89f8ed9eaba01b7be339e5d8d642c994347eaa81c6d75b8"},
    {file = "ruff-0.9.10-py3-none-win32.whl", hash = "sha256:bfb834e87c916521ce46b1788fbb8484966e5113c02df216680102e9eb960029"},
    {file = "ruff-0.9.10-py3-none-win_amd64.whl", hash = "sha256:f2160eeef3031bf4b17df74e307d4c5fb689a6f3a26a2de3f7ef4044e3c484f1"},
    {file = "ruff-0.9.10-py3-none-win_arm64.whl", hash = "sha256:5fd804c0327a5e5ea26615550e706942f348b197d5475ff34c19733aee4b2e69"},
    {file = "ruff-0.9.10.tar.gz", hash = "sha256:9bacb735d7bada9cfb0f2c227d3658fc443d90a727b47f206fb33f52f3c0eac7"},
]

[[package]]
name = "sqlite3-0611"
version = "0.0.1"
description = "Data management package by using sqlite3."
optional = false
python-versions = "*"
groups = ["dev"]
files = [
    {file = "SQLite3_0611-0.0.1-py3-none-any.whl", hash = "sha256:99d3662f418e5c1a1b81b5486d829eb511e5aee329cf31df945218d2a5b4b324"},
    {file = "SQLite3_0611-0.0.1.tar.gz", hash = "sha256:adc184137509bb30045a3be6dbf75faf918666735154d2f19dd1140d0254ddc5"},
]

[[package]]
name = "termcolor"
version = "2.5.0"
description = "ANSI color formatting for output in terminal"
optional = false
python-versions = ">=3.9"
groups = ["main"]
files = [
    {file = "termcolor-2.5.0-py3-none-any.whl", hash = "sha256:37b17b5fc1e604945c2642c872a3764b5d547a48009871aea3edd3afa180afb8"},
    {file = "termcolor-2.5.0.tar.gz", hash = "sha256:998d8d27da6d48442e8e1f016119076b690d962507531df4890fcd2db2ef8a6f"},
]

[package.extras]
tests = ["pytest", "pytest-cov"]

[[package]]
name = "types-pyyaml"
version = "6.0.12.20241230"
description = "Typing stubs for PyYAML"
optional = false
python-versions = ">=3.8"
groups = ["dev"]
files = [
    {file = "types_PyYAML-6.0.12.20241230-py3-none-any.whl", hash = "sha256:fa4d32565219b68e6dee5f67534c722e53c00d1cfc09c435ef04d7353e1e96e6"},
    {file = "types_pyyaml-6.0.12.20241230.tar.gz", hash = "sha256:7f07622dbd34bb9c8b264fe860a17e0efcad00d50b5f27e93984909d9363498c"},
]

[[package]]
name = "typing-extensions"
version = "4.12.0"
description = "Backported and Experimental Type Hints for Python 3.8+"
optional = false
python-versions = ">=3.8"
groups = ["dev"]
files = [
    {file = "typing_extensions-4.12.0-py3-none-any.whl", hash = "sha256:b349c66bea9016ac22978d800cfff206d5f9816951f12a7d0ec5578b0a819594"},
    {file = "typing_extensions-4.12.0.tar.gz", hash = "sha256:8cbcdc8606ebcb0d95453ad7dc5065e6237b6aa230a31e81d0f440c30fed5fd8"},
]

[metadata]
lock-version = "2.1"
python-versions = "^3.12"
content-hash = "8e2fd2ef5d14ec81b35ec0cd6e597b5a7562f9af10021bc0cdb84f9c85f21fa8"
